
Microsoft Visual Studio Solution File, Format Version 12.00
# Visual Studio 15
VisualStudioVersion = 15.0.28307.136
MinimumVisualStudioVersion = 10.0.40219.1
Project("{8BC9CEB8-8B4A-11D0-8D11-00A0C91BC942}") = "P17", "P17\P17.vcxproj", "{47346EB9-40B7-4DA0-8F9F-F2018B706735}"
EndProject
Global
	GlobalSection(SolutionConfigurationPlatforms) = preSolution
		Debug|x64 = Debug|x64
		Debug|x86 = Debug|x86
		Release|x64 = Release|x64
		Release|x86 = Release|x86
	EndGlobalSection
	GlobalSection(ProjectConfigurationPlatforms) = postSolution
		{47346EB9-40B7-4DA0-8F9F-F2018B706735}.Debug|x64.ActiveCfg = Debug|x64
		{47346EB9-40B7-4DA0-8F9F-F2018B706735}.Debug|x64.Build.0 = Debug|x64
		{47346EB9-40B7-4DA0-8F9F-F2018B706735}.Debug|x86.ActiveCfg = Debug|Win32
		{47346EB9-40B7-4DA0-8F9F-F2018B706735}.Debug|x86.Build.0 = Debug|Win32
		{47346EB9-40B7-4DA0-8F9F-F2018B706735}.Release|x64.ActiveCfg = Release|x64
		{47346EB9-40B7-4DA0-8F9F-F2018B706735}.Release|x64.Build.0 = Release|x64
		{47346EB9-40B7-4DA0-8F9F-F2018B706735}.Release|x86.ActiveCfg = Release|Win32
		{47346EB9-40B7-4DA0-8F9F-F2018B706735}.Release|x86.Build.0 = Release|Win32
	EndGlobalSection
	GlobalSection(SolutionProperties) = preSolution
		HideSolutionNode = FALSE
	EndGlobalSection
	GlobalSection(ExtensibilityGlobals) = postSolution
		SolutionGuid = {8CD1AF1B-26E3-475D-96D6-C9B22FB72883}
	EndGlobalSection
EndGlobal
